// !$*UTF8*$!
{
	archiveVersion = 1;
	classes = {
	};
	objectVersion = 52;
	objects = {

/* Begin PBXBuildFile section */
		4841C23024CABAB800267F32 /* AppDelegate.swift in Sources */ = {isa = PBXBuildFile; fileRef = 4841C22F24CABAB800267F32 /* AppDelegate.swift */; };
		4841C23424CABAB800267F32 /* ViewController.swift in Sources */ = {isa = PBXBuildFile; fileRef = 4841C23324CABAB800267F32 /* ViewController.swift */; };
		4841C23724CABAB800267F32 /* Main.storyboard in Resources */ = {isa = PBXBuildFile; fileRef = 4841C23524CABAB800267F32 /* Main.storyboard */; };
		4841C23924CABABB00267F32 /* Assets.xcassets in Resources */ = {isa = PBXBuildFile; fileRef = 4841C23824CABABB00267F32 /* Assets.xcassets */; };
		4841C23C24CABABB00267F32 /* LaunchScreen.storyboard in Resources */ = {isa = PBXBuildFile; fileRef = 4841C23A24CABABB00267F32 /* LaunchScreen.storyboard */; };
		4841C24424CACD8900267F32 /* MyCell.swift in Sources */ = {isa = PBXBuildFile; fileRef = 4841C24324CACD8900267F32 /* MyCell.swift */; };
		4841C24724CAD04E00267F32 /* SnapKit in Frameworks */ = {isa = PBXBuildFile; productRef = 4841C24624CAD04E00267F32 /* SnapKit */; };
/* End PBXBuildFile section */

/* Begin PBXFileReference section */
		4841C22C24CABAB800267F32 /* CollectionViewPaging.app */ = {isa = PBXFileReference; explicitFileType = wrapper.application; includeInIndex = 0; path = CollectionViewPaging.app; sourceTree = BUILT_PRODUCTS_DIR; };
		4841C22F24CABAB800267F32 /* AppDelegate.swift */ = {isa = PBXFileReference; lastKnownFileType = sourcecode.swift; path = AppDelegate.swift; sourceTree = "<group>"; };
		4841C23324CABAB800267F32 /* ViewController.swift */ = {isa = PBXFileReference; lastKnownFileType = sourcecode.swift; path = ViewController.swift; sourceTree = "<group>"; };
		4841C23624CABAB800267F32 /* Base */ = {isa = PBXFileReference; lastKnownFileType = file.storyboard; name = Base; path = Base.lproj/Main.storyboard; sourceTree = "<group>"; };
		4841C23824CABABB00267F32 /* Assets.xcassets */ = {isa = PBXFileReference; lastKnownFileType = folder.assetcatalog; path = Assets.xcassets; sourceTree = "<group>"; };
		4841C23B24CABABB00267F32 /* Base */ = {isa = PBXFileReference; lastKnownFileType = file.storyboard; name = Base; path = Base.lproj/LaunchScreen.storyboard; sourceTree = "<group>"; };
		4841C23D24CABABB00267F32 /* Info.plist */ = {isa = PBXFileReference; lastKnownFileType = text.plist.xml; path = Info.plist; sourceTree = "<group>"; };
		4841C24324CACD8900267F32 /* MyCell.swift */ = {isa = PBXFileReference; lastKnownFileType = sourcecode.swift; path = MyCell.swift; sourceTree = "<group>"; };
		4841C24A24CAF1A200267F32 /* ar */ = {isa = PBXFileReference; lastKnownFileType = text.plist.strings; name = ar; path = ar.lproj/Main.strings; sourceTree = "<group>"; };
		4841C24B24CAF1A200267F32 /* ar */ = {isa = PBXFileReference; lastKnownFileType = text.plist.strings; name = ar; path = ar.lproj/LaunchScreen.strings; sourceTree = "<group>"; };
/* End PBXFileReference section */

/* Begin PBXFrameworksBuildPhase section */
		4841C22924CABAB800267F32 /* Frameworks */ = {
			isa = PBXFrameworksBuildPhase;
			buildActionMask = 2147483647;
			files = (
				4841C24724CAD04E00267F32 /* SnapKit in Frameworks */,
			);
			runOnlyForDeploymentPostprocessing = 0;
		};
/* End PBXFrameworksBuildPhase section */

/* Begin PBXGroup section */
		4841C22324CABAB800267F32 = {
			isa = PBXGroup;
			children = (
				4841C22E24CABAB800267F32 /* CollectionViewPaging */,
				4841C22D24CABAB800267F32 /* Products */,
			);
			sourceTree = "<group>";
		};
		4841C22D24CABAB800267F32 /* Products */ = {
			isa = PBXGroup;
			children = (
				4841C22C24CABAB800267F32 /* CollectionViewPaging.app */,
			);
			name = Products;
			sourceTree = "<group>";
		};
		4841C22E24CABAB800267F32 /* CollectionViewPaging */ = {
			isa = PBXGroup;
			children = (
				4841C22F24CABAB800267F32 /* AppDelegate.swift */,
				4841C23324CABAB800267F32 /* ViewController.swift */,
				4841C24324CACD8900267F32 /* MyCell.swift */,
				4841C23524CABAB800267F32 /* Main.storyboard */,
				4841C23824CABABB00267F32 /* Assets.xcassets */,
				4841C23A24CABABB00267F32 /* LaunchScreen.storyboard */,
				4841C23D24CABABB00267F32 /* Info.plist */,
			);
			path = CollectionViewPaging;
			sourceTree = "<group>";
		};
/* End PBXGroup section */

/* Begin PBXNativeTarget section */
		4841C22B24CABAB800267F32 /* CollectionViewPaging */ = {
			isa = PBXNativeTarget;
			buildConfigurationList = 4841C24024CABABB00267F32 /* Build configuration list for PBXNativeTarget "CollectionViewPaging" */;
			buildPhases = (
				4841C22824CABAB800267F32 /* Sources */,
				4841C22924CABAB800267F32 /* Frameworks */,
				4841C22A24CABAB800267F32 /* Resources */,
			);
			buildRules = (
			);
			dependencies = (
			);
			name = CollectionViewPaging;
			packageProductDependencies = (
				4841C24624CAD04E00267F32 /* SnapKit */,
			);
			productName = CollectionViewPaging;
			productReference = 4841C22C24CABAB800267F32 /* CollectionViewPaging.app */;
			productType = "com.apple.product-type.application";
		};
/* End PBXNativeTarget section */

/* Begin PBXProject section */
		4841C22424CABAB800267F32 /* Project object */ = {
			isa = PBXProject;
			attributes = {
				LastSwiftUpdateCheck = 1150;
				LastUpgradeCheck = 1150;
				ORGANIZATIONNAME = "Hunjong Bong";
				TargetAttributes = {
					4841C22B24CABAB800267F32 = {
						CreatedOnToolsVersion = 11.5;
					};
				};
			};
			buildConfigurationList = 4841C22724CABAB800267F32 /* Build configuration list for PBXProject "CollectionViewPaging" */;
			compatibilityVersion = "Xcode 9.3";
			developmentRegion = en;
			hasScannedForEncodings = 0;
			knownRegions = (
				en,
				Base,
				ar,
			);
			mainGroup = 4841C22324CABAB800267F32;
			packageReferences = (
				4841C24524CAD04E00267F32 /* XCRemoteSwiftPackageReference "SnapKit" */,
			);
			productRefGroup = 4841C22D24CABAB800267F32 /* Products */;
			projectDirPath = "";
			projectRoot = "";
			targets = (
				4841C22B24CABAB800267F32 /* CollectionViewPaging */,
			);
		};
/* End PBXProject section */

/* Begin PBXResourcesBuildPhase section */
		4841C22A24CABAB800267F32 /* Resources */ = {
			isa = PBXResourcesBuildPhase;
			buildActionMask = 2147483647;
			files = (
				4841C23C24CABABB00267F32 /* LaunchScreen.storyboard in Resources */,
				4841C23924CABABB00267F32 /* Assets.xcassets in Resources */,
				4841C23724CABAB800267F32 /* Main.storyboard in Resources */,
			);
			runOnlyForDeploymentPostprocessing = 0;
		};
/* End PBXResourcesBuildPhase section */

/* Begin PBXSourcesBuildPhase section */
		4841C22824CABAB800267F32 /* Sources */ = {
			isa = PBXSourcesBuildPhase;
			buildActionMask = 2147483647;
			files = (
				4841C24424CACD8900267F32 /* MyCell.swift in Sources */,
				4841C23424CABAB800267F32 /* ViewController.swift in Sources */,
				4841C23024CABAB800267F32 /* AppDelegate.swift in Sources */,
			);
			runOnlyForDeploymentPostprocessing = 0;
		};
/* End PBXSourcesBuildPhase section */

/* Begin PBXVariantGroup section */
		4841C23524CABAB800267F32 /* Main.storyboard */ = {
			isa = PBXVariantGroup;
			children = (
				4841C23624CABAB800267F32 /* Base */,
				4841C24A24CAF1A200267F32 /* ar */,
			);
			name = Main.storyboard;
			sourceTree = "<group>";
		};
		4841C23A24CABABB00267F32 /* LaunchScreen.storyboard */ = {
			isa = PBXVariantGroup;
			children = (
				4841C23B24CABABB00267F32 /* Base */,
				4841C24B24CAF1A200267F32 /* ar */,
			);
			name = LaunchScreen.storyboard;
			sourceTree = "<group>";
		};
/* End PBXVariantGroup section */

/* Begin XCBuildConfiguration section */
		4841C23E24CABABB00267F32 /* Debug */ = {
			isa = XCBuildConfiguration;
			buildSettings = {
				ALWAYS_SEARCH_USER_PATHS = NO;
				CLANG_ANALYZER_LOCALIZABILITY_NONLOCALIZED = YES;
				CLANG_ANALYZER_NONNULL = YES;
				CLANG_ANALYZER_NUMBER_OBJECT_CONVERSION = YES_AGGRESSIVE;
				CLANG_CXX_LANGUAGE_STANDARD = "gnu++14";
				CLANG_CXX_LIBRARY = "libc++";
				CLANG_ENABLE_MODULES = YES;
				CLANG_ENABLE_OBJC_ARC = YES;
				CLANG_ENABLE_OBJC_WEAK = YES;
				CLANG_WARN_BLOCK_CAPTURE_AUTORELEASING = YES;
				CLANG_WARN_BOOL_CONVERSION = YES;
				CLANG_WARN_COMMA = YES;
				CLANG_WARN_CONSTANT_CONVERSION = YES;
				CLANG_WARN_DEPRECATED_OBJC_IMPLEMENTATIONS = YES;
				CLANG_WARN_DIRECT_OBJC_ISA_USAGE = YES_ERROR;
				CLANG_WARN_DOCUMENTATION_COMMENTS = YES;
				CLANG_WARN_EMPTY_BODY = YES;
				CLANG_WARN_ENUM_CONVERSION = YES;
				CLANG_WARN_INFINITE_RECURSION = YES;
				CLANG_WARN_INT_CONVERSION = YES;
				CLANG_WARN_NON_LITERAL_NULL_CONVERSION = YES;
				CLANG_WARN_OBJC_IMPLICIT_RETAIN_SELF = YES;
				CLANG_WARN_OBJC_LITERAL_CONVERSION = YES;
				CLANG_WARN_OBJC_ROOT_CLASS = YES_ERROR;
				CLANG_WARN_RANGE_LOOP_ANALYSIS = YES;
				CLANG_WARN_STRICT_PROTOTYPES = YES;
				CLANG_WARN_SUSPICIOUS_MOVE = YES;
				CLANG_WARN_UNGUARDED_AVAILABILITY = YES_AGGRESSIVE;
				CLANG_WARN_UNREACHABLE_CODE = YES;
				CLANG_WARN__DUPLICATE_METHOD_MATCH = YES;
				COPY_PHASE_STRIP = NO;
				DEBUG_INFORMATION_FORMAT = dwarf;
				ENABLE_STRICT_OBJC_MSGSEND = YES;
				ENABLE_TESTABILITY = YES;
				GCC_C_LANGUAGE_STANDARD = gnu11;
				GCC_DYNAMIC_NO_PIC = NO;
				GCC_NO_COMMON_BLOCKS = YES;
				GCC_OPTIMIZATION_LEVEL = 0;
				GCC_PREPROCESSOR_DEFINITIONS = (
					"DEBUG=1",
					"$(inherited)",
				);
				GCC_WARN_64_TO_32_BIT_CONVERSION = YES;
				GCC_WARN_ABOUT_RETURN_TYPE = YES_ERROR;
				GCC_WARN_UNDECLARED_SELECTOR = YES;
				GCC_WARN_UNINITIALIZED_AUTOS = YES_AGGRESSIVE;
				GCC_WARN_UNUSED_FUNCTION = YES;
				GCC_WARN_UNUSED_VARIABLE = YES;
				IPHONEOS_DEPLOYMENT_TARGET = 10.0;
				MTL_ENABLE_DEBUG_INFO = INCLUDE_SOURCE;
				MTL_FAST_MATH = YES;
				ONLY_ACTIVE_ARCH = YES;
				SDKROOT = iphoneos;
				SWIFT_ACTIVE_COMPILATION_CONDITIONS = DEBUG;
				SWIFT_OPTIMIZATION_LEVEL = "-Onone";
			};
			name = Debug;
		};
		4841C23F24CABABB00267F32 /* Release */ = {
			isa = XCBuildConfiguration;
			buildSettings = {
				ALWAYS_SEARCH_USER_PATHS = NO;
				CLANG_ANALYZER_LOCALIZABILITY_NONLOCALIZED = YES;
				CLANG_ANALYZER_NONNULL = YES;
				CLANG_ANALYZER_NUMBER_OBJECT_CONVERSION = YES_AGGRESSIVE;
				CLANG_CXX_LANGUAGE_STANDARD = "gnu++14";
				CLANG_CXX_LIBRARY = "libc++";
				CLANG_ENABLE_MODULES = YES;
				CLANG_ENABLE_OBJC_ARC = YES;
				CLANG_ENABLE_OBJC_WEAK = YES;
				CLANG_WARN_BLOCK_CAPTURE_AUTORELEASING = YES;
				CLANG_WARN_BOOL_CONVERSION = YES;
				CLANG_WARN_COMMA = YES;
				CLANG_WARN_CONSTANT_CONVERSION = YES;
				CLANG_WARN_DEPRECATED_OBJC_IMPLEMENTATIONS = YES;
				CLANG_WARN_DIRECT_OBJC_ISA_USAGE = YES_ERROR;
				CLANG_WARN_DOCUMENTATION_COMMENTS = YES;
				CLANG_WARN_EMPTY_BODY = YES;
				CLANG_WARN_ENUM_CONVERSION = YES;
				CLANG_WARN_INFINITE_RECURSION = YES;
				CLANG_WARN_INT_CONVERSION = YES;
				CLANG_WARN_NON_LITERAL_NULL_CONVERSION = YES;
				CLANG_WARN_OBJC_IMPLICIT_RETAIN_SELF = YES;
				CLANG_WARN_OBJC_LITERAL_CONVERSION = YES;
				CLANG_WARN_OBJC_ROOT_CLASS = YES_ERROR;
				CLANG_WARN_RANGE_LOOP_ANALYSIS = YES;
				CLANG_WARN_STRICT_PROTOTYPES = YES;
				CLANG_WARN_SUSPICIOUS_MOVE = YES;
				CLANG_WARN_UNGUARDED_AVAILABILITY = YES_AGGRESSIVE;
				CLANG_WARN_UNREACHABLE_CODE = YES;
				CLANG_WARN__DUPLICATE_METHOD_MATCH = YES;
				COPY_PHASE_STRIP = NO;
				DEBUG_INFORMATION_FORMAT = "dwarf-with-dsym";
				ENABLE_NS_ASSERTIONS = NO;
				ENABLE_STRICT_OBJC_MSGSEND = YES;
				GCC_C_LANGUAGE_STANDARD = gnu11;
				GCC_NO_COMMON_BLOCKS = YES;
				GCC_WARN_64_TO_32_BIT_CONVERSION = YES;
				GCC_WARN_ABOUT_RETURN_TYPE = YES_ERROR;
				GCC_WARN_UNDECLARED_SELECTOR = YES;
				GCC_WARN_UNINITIALIZED_AUTOS = YES_AGGRESSIVE;
				GCC_WARN_UNUSED_FUNCTION = YES;
				GCC_WARN_UNUSED_VARIABLE = YES;
				IPHONEOS_DEPLOYMENT_TARGET = 10.0;
				MTL_ENABLE_DEBUG_INFO = NO;
				MTL_FAST_MATH = YES;
				SDKROOT = iphoneos;
				SWIFT_COMPILATION_MODE = wholemodule;
				SWIFT_OPTIMIZATION_LEVEL = "-O";
				VALIDATE_PRODUCT = YES;
			};
			name = Release;
		};
		4841C24124CABABB00267F32 /* Debug */ = {
			isa = XCBuildConfiguration;
			buildSettings = {
				ASSETCATALOG_COMPILER_APPICON_NAME = AppIcon;
				CODE_SIGN_STYLE = Automatic;
				INFOPLIST_FILE = CollectionViewPaging/Info.plist;
				LD_RUNPATH_SEARCH_PATHS = (
					"$(inherited)",
					"@executable_path/Frameworks",
				);
				PRODUCT_BUNDLE_IDENTIFIER = a.CollectionViewPaging;
				PRODUCT_NAME = "$(TARGET_NAME)";
				SWIFT_VERSION = 5.0;
				TARGETED_DEVICE_FAMILY = 1;
			};
			name = Debug;
		};
		4841C24224CABABB00267F32 /* Release */ = {
			isa = XCBuildConfiguration;
			buildSettings = {
				ASSETCATALOG_COMPILER_APPICON_NAME = AppIcon;
				CODE_SIGN_STYLE = Automatic;
				INFOPLIST_FILE = CollectionViewPaging/Info.plist;
				LD_RUNPATH_SEARCH_PATHS = (
					"$(inherited)",
					"@executable_path/Frameworks",
				);
				PRODUCT_BUNDLE_IDENTIFIER = a.CollectionViewPaging;
				PRODUCT_NAME = "$(TARGET_NAME)";
				SWIFT_VERSION = 5.0;
				TARGETED_DEVICE_FAMILY = 1;
			};
			name = Release;
		};
/* End XCBuildConfiguration section */

/* Begin XCConfigurationList section */
		4841C22724CABAB800267F32 /* Build configuration list for PBXProject "CollectionViewPaging" */ = {
			isa = XCConfigurationList;
			buildConfigurations = (
				4841C23E24CABABB00267F32 /* Debug */,
				4841C23F24CABABB00267F32 /* Release */,
			);
			defaultConfigurationIsVisible = 0;
			defaultConfigurationName = Release;
		};
		4841C24024CABABB00267F32 /* Build configuration list for PBXNativeTarget "CollectionViewPaging" */ = {
			isa = XCConfigurationList;
			buildConfigurations = (
				4841C24124CABABB00267F32 /* Debug */,
				4841C24224CABABB00267F32 /* Release */,
			);
			defaultConfigurationIsVisible = 0;
			defaultConfigurationName = Release;
		};
/* End XCConfigurationList section */

/* Begin XCRemoteSwiftPackageReference section */
		4841C24524CAD04E00267F32 /* XCRemoteSwiftPackageReference "SnapKit" */ = {
			isa = XCRemoteSwiftPackageReference;
			repositoryURL = "https://github.com/SnapKit/SnapKit";
			requirement = {
				kind = upToNextMajorVersion;
				minimumVersion = 5.0.1;
			};
		};
/* End XCRemoteSwiftPackageReference section */

/* Begin XCSwiftPackageProductDependency section */
		4841C24624CAD04E00267F32 /* SnapKit */ = {
			isa = XCSwiftPackageProductDependency;
			package = 4841C24524CAD04E00267F32 /* XCRemoteSwiftPackageReference "SnapKit" */;
			productName = SnapKit;
		};
/* End XCSwiftPackageProductDependency section */
	};
	rootObject = 4841C22424CABAB800267F32 /* Project object */;
}
